
Microsoft Visual Studio Solution File, Format Version 12.00
Project("{FAE04EC0-301F-11D3-BF4B-00C04F79EFBC}") = "GraphQL-APIs", "GraphQL-APIs.csproj", "{96041D0A-1F36-4C86-AB57-C01B465FA4F6}"
EndProject
Global
	GlobalSection(SolutionConfigurationPlatforms) = preSolution
		Debug|Any CPU = Debug|Any CPU
		Release|Any CPU = Release|Any CPU
	EndGlobalSection
	GlobalSection(ProjectConfigurationPlatforms) = postSolution
		{96041D0A-1F36-4C86-AB57-C01B465FA4F6}.Debug|Any CPU.ActiveCfg = Debug|Any CPU
		{96041D0A-1F36-4C86-AB57-C01B465FA4F6}.Debug|Any CPU.Build.0 = Debug|Any CPU
		{96041D0A-1F36-4C86-AB57-C01B465FA4F6}.Release|Any CPU.ActiveCfg = Release|Any CPU
		{96041D0A-1F36-4C86-AB57-C01B465FA4F6}.Release|Any CPU.Build.0 = Release|Any CPU
	EndGlobalSection
EndGlobal
